// !$*UTF8*$!
{
	archiveVersion = 1;
	classes = {
	};
	objectVersion = 46;
	objects = {

/* Begin PBXBuildFile section */
		6B1448F51CEEB8C9009FCF1D /* main.m in Sources */ = {isa = PBXBuildFile; fileRef = 6B1448F41CEEB8C9009FCF1D /* main.m */; };
		6B1448F81CEEB8C9009FCF1D /* AppDelegate.m in Sources */ = {isa = PBXBuildFile; fileRef = 6B1448F71CEEB8C9009FCF1D /* AppDelegate.m */; };
		6B1448FB1CEEB8C9009FCF1D /* ViewController.m in Sources */ = {isa = PBXBuildFile; fileRef = 6B1448FA1CEEB8C9009FCF1D /* ViewController.m */; };
		6B1448FE1CEEB8C9009FCF1D /* Main.storyboard in Resources */ = {isa = PBXBuildFile; fileRef = 6B1448FC1CEEB8C9009FCF1D /* Main.storyboard */; };
		6B1449001CEEB8C9009FCF1D /* Assets.xcassets in Resources */ = {isa = PBXBuildFile; fileRef = 6B1448FF1CEEB8C9009FCF1D /* Assets.xcassets */; };
		6B1449031CEEB8C9009FCF1D /* LaunchScreen.storyboard in Resources */ = {isa = PBXBuildFile; fileRef = 6B1449011CEEB8C9009FCF1D /* LaunchScreen.storyboard */; };
		6B14490D1CEEB9B5009FCF1D /* ASJPlistHelper.m in Sources */ = {isa = PBXBuildFile; fileRef = 6B14490C1CEEB9B5009FCF1D /* ASJPlistHelper.m */; };
/* End PBXBuildFile section */

/* Begin PBXFileReference section */
		6B1448F01CEEB8C9009FCF1D /* ASJPlistHelperExample.app */ = {isa = PBXFileReference; explicitFileType = wrapper.application; includeInIndex = 0; path = ASJPlistHelperExample.app; sourceTree = BUILT_PRODUCTS_DIR; };
		6B1448F41CEEB8C9009FCF1D /* main.m */ = {isa = PBXFileReference; lastKnownFileType = sourcecode.c.objc; path = main.m; sourceTree = "<group>"; };
		6B1448F61CEEB8C9009FCF1D /* AppDelegate.h */ = {isa = PBXFileReference; lastKnownFileType = sourcecode.c.h; path = AppDelegate.h; sourceTree = "<group>"; };
		6B1448F71CEEB8C9009FCF1D /* AppDelegate.m */ = {isa = PBXFileReference; lastKnownFileType = sourcecode.c.objc; path = AppDelegate.m; sourceTree = "<group>"; };
		6B1448F91CEEB8C9009FCF1D /* ViewController.h */ = {isa = PBXFileReference; lastKnownFileType = sourcecode.c.h; path = ViewController.h; sourceTree = "<group>"; };
		6B1448FA1CEEB8C9009FCF1D /* ViewController.m */ = {isa = PBXFileReference; lastKnownFileType = sourcecode.c.objc; path = ViewController.m; sourceTree = "<group>"; };
		6B1448FD1CEEB8C9009FCF1D /* Base */ = {isa = PBXFileReference; lastKnownFileType = file.storyboard; name = Base; path = Base.lproj/Main.storyboard; sourceTree = "<group>"; };
		6B1448FF1CEEB8C9009FCF1D /* Assets.xcassets */ = {isa = PBXFileReference; lastKnownFileType = folder.assetcatalog; path = Assets.xcassets; sourceTree = "<group>"; };
		6B1449021CEEB8C9009FCF1D /* Base */ = {isa = PBXFileReference; lastKnownFileType = file.storyboard; name = Base; path = Base.lproj/LaunchScreen.storyboard; sourceTree = "<group>"; };
		6B1449041CEEB8C9009FCF1D /* Info.plist */ = {isa = PBXFileReference; lastKnownFileType = text.plist.xml; path = Info.plist; sourceTree = "<group>"; };
		6B14490B1CEEB9B5009FCF1D /* ASJPlistHelper.h */ = {isa = PBXFileReference; fileEncoding = 4; lastKnownFileType = sourcecode.c.h; path = ASJPlistHelper.h; sourceTree = "<group>"; };
		6B14490C1CEEB9B5009FCF1D /* ASJPlistHelper.m */ = {isa = PBXFileReference; fileEncoding = 4; lastKnownFileType = sourcecode.c.objc; path = ASJPlistHelper.m; sourceTree = "<group>"; };
/* End PBXFileReference section */

/* Begin PBXFrameworksBuildPhase section */
		6B1448ED1CEEB8C9009FCF1D /* Frameworks */ = {
			isa = PBXFrameworksBuildPhase;
			buildActionMask = 2147483647;
			files = (
			);
			runOnlyForDeploymentPostprocessing = 0;
		};
/* End PBXFrameworksBuildPhase section */

/* Begin PBXGroup section */
		6B1448E71CEEB8C9009FCF1D = {
			isa = PBXGroup;
			children = (
				6B1448F21CEEB8C9009FCF1D /* ASJPlistHelperExample */,
				6B1448F11CEEB8C9009FCF1D /* Products */,
			);
			sourceTree = "<group>";
		};
		6B1448F11CEEB8C9009FCF1D /* Products */ = {
			isa = PBXGroup;
			children = (
				6B1448F01CEEB8C9009FCF1D /* ASJPlistHelperExample.app */,
			);
			name = Products;
			sourceTree = "<group>";
		};
		6B1448F21CEEB8C9009FCF1D /* ASJPlistHelperExample */ = {
			isa = PBXGroup;
			children = (
				6B14490A1CEEB8FD009FCF1D /* ASJPlistHelper */,
				6B1448F61CEEB8C9009FCF1D /* AppDelegate.h */,
				6B1448F71CEEB8C9009FCF1D /* AppDelegate.m */,
				6B1448F91CEEB8C9009FCF1D /* ViewController.h */,
				6B1448FA1CEEB8C9009FCF1D /* ViewController.m */,
				6B1448FC1CEEB8C9009FCF1D /* Main.storyboard */,
				6B1449011CEEB8C9009FCF1D /* LaunchScreen.storyboard */,
				6B1448FF1CEEB8C9009FCF1D /* Assets.xcassets */,
				6B1448F31CEEB8C9009FCF1D /* Supporting Files */,
			);
			path = ASJPlistHelperExample;
			sourceTree = "<group>";
		};
		6B1448F31CEEB8C9009FCF1D /* Supporting Files */ = {
			isa = PBXGroup;
			children = (
				6B1449041CEEB8C9009FCF1D /* Info.plist */,
				6B1448F41CEEB8C9009FCF1D /* main.m */,
			);
			name = "Supporting Files";
			sourceTree = "<group>";
		};
		6B14490A1CEEB8FD009FCF1D /* ASJPlistHelper */ = {
			isa = PBXGroup;
			children = (
				6B14490B1CEEB9B5009FCF1D /* ASJPlistHelper.h */,
				6B14490C1CEEB9B5009FCF1D /* ASJPlistHelper.m */,
			);
			name = ASJPlistHelper;
			path = ../../ASJPlistHelper;
			sourceTree = "<group>";
		};
/* End PBXGroup section */

/* Begin PBXNativeTarget section */
		6B1448EF1CEEB8C9009FCF1D /* ASJPlistHelperExample */ = {
			isa = PBXNativeTarget;
			buildConfigurationList = 6B1449071CEEB8C9009FCF1D /* Build configuration list for PBXNativeTarget "ASJPlistHelperExample" */;
			buildPhases = (
				6B1448EC1CEEB8C9009FCF1D /* Sources */,
				6B1448ED1CEEB8C9009FCF1D /* Frameworks */,
				6B1448EE1CEEB8C9009FCF1D /* Resources */,
			);
			buildRules = (
			);
			dependencies = (
			);
			name = ASJPlistHelperExample;
			productName = ASJPlistHelperExample;
			productReference = 6B1448F01CEEB8C9009FCF1D /* ASJPlistHelperExample.app */;
			productType = "com.apple.product-type.application";
		};
/* End PBXNativeTarget section */

/* Begin PBXProject section */
		6B1448E81CEEB8C9009FCF1D /* Project object */ = {
			isa = PBXProject;
			attributes = {
				LastUpgradeCheck = 1320;
				ORGANIZATIONNAME = sudeep;
				TargetAttributes = {
					6B1448EF1CEEB8C9009FCF1D = {
						CreatedOnToolsVersion = 7.2;
					};
				};
			};
			buildConfigurationList = 6B1448EB1CEEB8C9009FCF1D /* Build configuration list for PBXProject "ASJPlistHelperExample" */;
			compatibilityVersion = "Xcode 3.2";
			developmentRegion = en;
			hasScannedForEncodings = 0;
			knownRegions = (
				en,
				Base,
			);
			mainGroup = 6B1448E71CEEB8C9009FCF1D;
			productRefGroup = 6B1448F11CEEB8C9009FCF1D /* Products */;
			projectDirPath = "";
			projectRoot = "";
			targets = (
				6B1448EF1CEEB8C9009FCF1D /* ASJPlistHelperExample */,
			);
		};
/* End PBXProject section */

/* Begin PBXResourcesBuildPhase section */
		6B1448EE1CEEB8C9009FCF1D /* Resources */ = {
			isa = PBXResourcesBuildPhase;
			buildActionMask = 2147483647;
			files = (
				6B1449031CEEB8C9009FCF1D /* LaunchScreen.storyboard in Resources */,
				6B1449001CEEB8C9009FCF1D /* Assets.xcassets in Resources */,
				6B1448FE1CEEB8C9009FCF1D /* Main.storyboard in Resources */,
			);
			runOnlyForDeploymentPostprocessing = 0;
		};
/* End PBXResourcesBuildPhase section */

/* Begin PBXSourcesBuildPhase section */
		6B1448EC1CEEB8C9009FCF1D /* Sources */ = {
			isa = PBXSourcesBuildPhase;
			buildActionMask = 2147483647;
			files = (
				6B1448FB1CEEB8C9009FCF1D /* ViewController.m in Sources */,
				6B14490D1CEEB9B5009FCF1D /* ASJPlistHelper.m in Sources */,
				6B1448F81CEEB8C9009FCF1D /* AppDelegate.m in Sources */,
				6B1448F51CEEB8C9009FCF1D /* main.m in Sources */,
			);
			runOnlyForDeploymentPostprocessing = 0;
		};
/* End PBXSourcesBuildPhase section */

/* Begin PBXVariantGroup section */
		6B1448FC1CEEB8C9009FCF1D /* Main.storyboard */ = {
			isa = PBXVariantGroup;
			children = (
				6B1448FD1CEEB8C9009FCF1D /* Base */,
			);
			name = Main.storyboard;
			sourceTree = "<group>";
		};
		6B1449011CEEB8C9009FCF1D /* LaunchScreen.storyboard */ = {
			isa = PBXVariantGroup;
			children = (
				6B1449021CEEB8C9009FCF1D /* Base */,
			);
			name = LaunchScreen.storyboard;
			sourceTree = "<group>";
		};
/* End PBXVariantGroup section */

/* Begin XCBuildConfiguration section */
		6B1449051CEEB8C9009FCF1D /* Debug */ = {
			isa = XCBuildConfiguration;
			buildSettings = {
				ALWAYS_SEARCH_USER_PATHS = NO;
				CLANG_ANALYZER_LOCALIZABILITY_NONLOCALIZED = YES;
				CLANG_CXX_LANGUAGE_STANDARD = "gnu++0x";
				CLANG_CXX_LIBRARY = "libc++";
				CLANG_ENABLE_MODULES = YES;
				CLANG_ENABLE_OBJC_ARC = YES;
				CLANG_WARN_BLOCK_CAPTURE_AUTORELEASING = YES;
				CLANG_WARN_BOOL_CONVERSION = YES;
				CLANG_WARN_COMMA = YES;
				CLANG_WARN_CONSTANT_CONVERSION = YES;
				CLANG_WARN_DEPRECATED_OBJC_IMPLEMENTATIONS = YES;
				CLANG_WARN_DIRECT_OBJC_ISA_USAGE = YES_ERROR;
				CLANG_WARN_EMPTY_BODY = YES;
				CLANG_WARN_ENUM_CONVERSION = YES;
				CLANG_WARN_INFINITE_RECURSION = YES;
				CLANG_WARN_INT_CONVERSION = YES;
				CLANG_WARN_NON_LITERAL_NULL_CONVERSION = YES;
				CLANG_WARN_OBJC_IMPLICIT_RETAIN_SELF = YES;
				CLANG_WARN_OBJC_LITERAL_CONVERSION = YES;
				CLANG_WARN_OBJC_ROOT_CLASS = YES_ERROR;
				CLANG_WARN_QUOTED_INCLUDE_IN_FRAMEWORK_HEADER = YES;
				CLANG_WARN_RANGE_LOOP_ANALYSIS = YES;
				CLANG_WARN_STRICT_PROTOTYPES = YES;
				CLANG_WARN_SUSPICIOUS_MOVE = YES;
				CLANG_WARN_UNREACHABLE_CODE = YES;
				CLANG_WARN__DUPLICATE_METHOD_MATCH = YES;
				"CODE_SIGN_IDENTITY[sdk=iphoneos*]" = "iPhone Developer";
				COPY_PHASE_STRIP = NO;
				DEBUG_INFORMATION_FORMAT = dwarf;
				ENABLE_STRICT_OBJC_MSGSEND = YES;
				ENABLE_TESTABILITY = YES;
				GCC_C_LANGUAGE_STANDARD = gnu99;
				GCC_DYNAMIC_NO_PIC = NO;
				GCC_NO_COMMON_BLOCKS = YES;
				GCC_OPTIMIZATION_LEVEL = 0;
				GCC_PREPROCESSOR_DEFINITIONS = (
					"DEBUG=1",
					"$(inherited)",
				);
				GCC_WARN_64_TO_32_BIT_CONVERSION = YES;
				GCC_WARN_ABOUT_RETURN_TYPE = YES_ERROR;
				GCC_WARN_UNDECLARED_SELECTOR = YES;
				GCC_WARN_UNINITIALIZED_AUTOS = YES_AGGRESSIVE;
				GCC_WARN_UNUSED_FUNCTION = YES;
				GCC_WARN_UNUSED_VARIABLE = YES;
				IPHONEOS_DEPLOYMENT_TARGET = 12.0;
				MTL_ENABLE_DEBUG_INFO = YES;
				ONLY_ACTIVE_ARCH = YES;
				SDKROOT = iphoneos;
			};
			name = Debug;
		};
		6B1449061CEEB8C9009FCF1D /* Release */ = {
			isa = XCBuildConfiguration;
			buildSettings = {
				ALWAYS_SEARCH_USER_PATHS = NO;
				CLANG_ANALYZER_LOCALIZABILITY_NONLOCALIZED = YES;
				CLANG_CXX_LANGUAGE_STANDARD = "gnu++0x";
				CLANG_CXX_LIBRARY = "libc++";
				CLANG_ENABLE_MODULES = YES;
				CLANG_ENABLE_OBJC_ARC = YES;
				CLANG_WARN_BLOCK_CAPTURE_AUTORELEASING = YES;
				CLANG_WARN_BOOL_CONVERSION = YES;
				CLANG_WARN_COMMA = YES;
				CLANG_WARN_CONSTANT_CONVERSION = YES;
				CLANG_WARN_DEPRECATED_OBJC_IMPLEMENTATIONS = YES;
				CLANG_WARN_DIRECT_OBJC_ISA_USAGE = YES_ERROR;
				CLANG_WARN_EMPTY_BODY = YES;
				CLANG_WARN_ENUM_CONVERSION = YES;
				CLANG_WARN_INFINITE_RECURSION = YES;
				CLANG_WARN_INT_CONVERSION = YES;
				CLANG_WARN_NON_LITERAL_NULL_CONVERSION = YES;
				CLANG_WARN_OBJC_IMPLICIT_RETAIN_SELF = YES;
				CLANG_WARN_OBJC_LITERAL_CONVERSION = YES;
				CLANG_WARN_OBJC_ROOT_CLASS = YES_ERROR;
				CLANG_WARN_QUOTED_INCLUDE_IN_FRAMEWORK_HEADER = YES;
				CLANG_WARN_RANGE_LOOP_ANALYSIS = YES;
				CLANG_WARN_STRICT_PROTOTYPES = YES;
				CLANG_WARN_SUSPICIOUS_MOVE = YES;
				CLANG_WARN_UNREACHABLE_CODE = YES;
				CLANG_WARN__DUPLICATE_METHOD_MATCH = YES;
				"CODE_SIGN_IDENTITY[sdk=iphoneos*]" = "iPhone Developer";
				COPY_PHASE_STRIP = NO;
				DEBUG_INFORMATION_FORMAT = "dwarf-with-dsym";
				ENABLE_NS_ASSERTIONS = NO;
				ENABLE_STRICT_OBJC_MSGSEND = YES;
				GCC_C_LANGUAGE_STANDARD = gnu99;
				GCC_NO_COMMON_BLOCKS = YES;
				GCC_WARN_64_TO_32_BIT_CONVERSION = YES;
				GCC_WARN_ABOUT_RETURN_TYPE = YES_ERROR;
				GCC_WARN_UNDECLARED_SELECTOR = YES;
				GCC_WARN_UNINITIALIZED_AUTOS = YES_AGGRESSIVE;
				GCC_WARN_UNUSED_FUNCTION = YES;
				GCC_WARN_UNUSED_VARIABLE = YES;
				IPHONEOS_DEPLOYMENT_TARGET = 12.0;
				MTL_ENABLE_DEBUG_INFO = NO;
				SDKROOT = iphoneos;
				VALIDATE_PRODUCT = YES;
			};
			name = Release;
		};
		6B1449081CEEB8C9009FCF1D /* Debug */ = {
			isa = XCBuildConfiguration;
			buildSettings = {
				ASSETCATALOG_COMPILER_APPICON_NAME = AppIcon;
				INFOPLIST_FILE = ASJPlistHelperExample/Info.plist;
				LD_RUNPATH_SEARCH_PATHS = "$(inherited) @executable_path/Frameworks";
				PRODUCT_BUNDLE_IDENTIFIER = com.sudeep.ASJPlistHelperExample;
				PRODUCT_NAME = "$(TARGET_NAME)";
			};
			name = Debug;
		};
		6B1449091CEEB8C9009FCF1D /* Release */ = {
			isa = XCBuildConfiguration;
			buildSettings = {
				ASSETCATALOG_COMPILER_APPICON_NAME = AppIcon;
				INFOPLIST_FILE = ASJPlistHelperExample/Info.plist;
				LD_RUNPATH_SEARCH_PATHS = "$(inherited) @executable_path/Frameworks";
				PRODUCT_BUNDLE_IDENTIFIER = com.sudeep.ASJPlistHelperExample;
				PRODUCT_NAME = "$(TARGET_NAME)";
			};
			name = Release;
		};
/* End XCBuildConfiguration section */

/* Begin XCConfigurationList section */
		6B1448EB1CEEB8C9009FCF1D /* Build configuration list for PBXProject "ASJPlistHelperExample" */ = {
			isa = XCConfigurationList;
			buildConfigurations = (
				6B1449051CEEB8C9009FCF1D /* Debug */,
				6B1449061CEEB8C9009FCF1D /* Release */,
			);
			defaultConfigurationIsVisible = 0;
			defaultConfigurationName = Release;
		};
		6B1449071CEEB8C9009FCF1D /* Build configuration list for PBXNativeTarget "ASJPlistHelperExample" */ = {
			isa = XCConfigurationList;
			buildConfigurations = (
				6B1449081CEEB8C9009FCF1D /* Debug */,
				6B1449091CEEB8C9009FCF1D /* Release */,
			);
			defaultConfigurationIsVisible = 0;
			defaultConfigurationName = Release;
		};
/* End XCConfigurationList section */
	};
	rootObject = 6B1448E81CEEB8C9009FCF1D /* Project object */;
}
